// !$*UTF8*$!
{
	archiveVersion = 1;
	classes = {
	};
	objectVersion = 60;
	objects = {

/* Begin PBXBuildFile section */
		621636B12C89A4D8000F255E /* WeatherCondition.swift in Sources */ = {isa = PBXBuildFile; fileRef = 621636B02C89A4D8000F255E /* WeatherCondition.swift */; };
		621636B72C8A0728000F255E /* YumemiWeather in Frameworks */ = {isa = PBXBuildFile; productRef = 621636B62C8A0728000F255E /* YumemiWeather */; };
		6218B2972C8AA3EB002D4271 /* WeatherController.swift in Sources */ = {isa = PBXBuildFile; fileRef = 6218B2962C8AA3EB002D4271 /* WeatherController.swift */; };
		6218B29F2C8AECF7002D4271 /* WeatherResponse.swift in Sources */ = {isa = PBXBuildFile; fileRef = 6218B29E2C8AECF7002D4271 /* WeatherResponse.swift */; };
		6218B2A12C8AED14002D4271 /* WeatherRequest.swift in Sources */ = {isa = PBXBuildFile; fileRef = 6218B2A02C8AED14002D4271 /* WeatherRequest.swift */; };
		6218B2A52C9023B6002D4271 /* YumemiWeatherAPIError.swift in Sources */ = {isa = PBXBuildFile; fileRef = 6218B2A42C9023B6002D4271 /* YumemiWeatherAPIError.swift */; };
		62338DD52C881FEB009D2D43 /* WeatherForecastApp.swift in Sources */ = {isa = PBXBuildFile; fileRef = 62338DD42C881FEB009D2D43 /* WeatherForecastApp.swift */; };
		62338DD92C881FEC009D2D43 /* Assets.xcassets in Resources */ = {isa = PBXBuildFile; fileRef = 62338DD82C881FEC009D2D43 /* Assets.xcassets */; };
		62338DDC2C881FEC009D2D43 /* Preview Assets.xcassets in Resources */ = {isa = PBXBuildFile; fileRef = 62338DDB2C881FEC009D2D43 /* Preview Assets.xcassets */; };
		628B94612C9A9F8A00DBD67E /* ViewDeinitLogger.swift in Sources */ = {isa = PBXBuildFile; fileRef = 628B94602C9A9F8A00DBD67E /* ViewDeinitLogger.swift */; };
		629337742C8833760054ACFB /* ForecastView.swift in Sources */ = {isa = PBXBuildFile; fileRef = 629337732C8833760054ACFB /* ForecastView.swift */; };
		6293377E2C884C260054ACFB /* YumemiWeatherAPIService.swift in Sources */ = {isa = PBXBuildFile; fileRef = 6293377D2C884C260054ACFB /* YumemiWeatherAPIService.swift */; };
		62C9B1812C9406F600BA86BE /* ClosedView.swift in Sources */ = {isa = PBXBuildFile; fileRef = 62C9B1802C9406F600BA86BE /* ClosedView.swift */; };
		62F7F7882C92D6E4009C664B /* WeatherForecastTests.swift in Sources */ = {isa = PBXBuildFile; fileRef = 62F7F7872C92D6E4009C664B /* WeatherForecastTests.swift */; };
		62F7F7902C92DC84009C664B /* ViewInspector in Frameworks */ = {isa = PBXBuildFile; productRef = 62F7F78F2C92DC84009C664B /* ViewInspector */; };
/* End PBXBuildFile section */

/* Begin PBXContainerItemProxy section */
		62F7F7892C92D6E4009C664B /* PBXContainerItemProxy */ = {
			isa = PBXContainerItemProxy;
			containerPortal = 62338DC92C881FEB009D2D43 /* Project object */;
			proxyType = 1;
			remoteGlobalIDString = 62338DD02C881FEB009D2D43;
			remoteInfo = WeatherForecast;
		};
/* End PBXContainerItemProxy section */

/* Begin PBXFileReference section */
		621636B02C89A4D8000F255E /* WeatherCondition.swift */ = {isa = PBXFileReference; lastKnownFileType = sourcecode.swift; path = WeatherCondition.swift; sourceTree = "<group>"; };
		6218B2962C8AA3EB002D4271 /* WeatherController.swift */ = {isa = PBXFileReference; lastKnownFileType = sourcecode.swift; path = WeatherController.swift; sourceTree = "<group>"; };
		6218B29E2C8AECF7002D4271 /* WeatherResponse.swift */ = {isa = PBXFileReference; lastKnownFileType = sourcecode.swift; path = WeatherResponse.swift; sourceTree = "<group>"; };
		6218B2A02C8AED14002D4271 /* WeatherRequest.swift */ = {isa = PBXFileReference; lastKnownFileType = sourcecode.swift; path = WeatherRequest.swift; sourceTree = "<group>"; };
		6218B2A42C9023B6002D4271 /* YumemiWeatherAPIError.swift */ = {isa = PBXFileReference; lastKnownFileType = sourcecode.swift; path = YumemiWeatherAPIError.swift; sourceTree = "<group>"; };
		62338DD12C881FEB009D2D43 /* WeatherForecast.app */ = {isa = PBXFileReference; explicitFileType = wrapper.application; includeInIndex = 0; path = WeatherForecast.app; sourceTree = BUILT_PRODUCTS_DIR; };
		62338DD42C881FEB009D2D43 /* WeatherForecastApp.swift */ = {isa = PBXFileReference; lastKnownFileType = sourcecode.swift; path = WeatherForecastApp.swift; sourceTree = "<group>"; };
		62338DD82C881FEC009D2D43 /* Assets.xcassets */ = {isa = PBXFileReference; lastKnownFileType = folder.assetcatalog; path = Assets.xcassets; sourceTree = "<group>"; };
		62338DDB2C881FEC009D2D43 /* Preview Assets.xcassets */ = {isa = PBXFileReference; lastKnownFileType = folder.assetcatalog; path = "Preview Assets.xcassets"; sourceTree = "<group>"; };
		628B94602C9A9F8A00DBD67E /* ViewDeinitLogger.swift */ = {isa = PBXFileReference; lastKnownFileType = sourcecode.swift; path = ViewDeinitLogger.swift; sourceTree = "<group>"; };
		629337732C8833760054ACFB /* ForecastView.swift */ = {isa = PBXFileReference; lastKnownFileType = sourcecode.swift; path = ForecastView.swift; sourceTree = "<group>"; };
		6293377D2C884C260054ACFB /* YumemiWeatherAPIService.swift */ = {isa = PBXFileReference; lastKnownFileType = sourcecode.swift; path = YumemiWeatherAPIService.swift; sourceTree = "<group>"; };
		62C9B1802C9406F600BA86BE /* ClosedView.swift */ = {isa = PBXFileReference; lastKnownFileType = sourcecode.swift; path = ClosedView.swift; sourceTree = "<group>"; };
		62F7F7852C92D6E4009C664B /* WeatherForecastTests.xctest */ = {isa = PBXFileReference; explicitFileType = wrapper.cfbundle; includeInIndex = 0; path = WeatherForecastTests.xctest; sourceTree = BUILT_PRODUCTS_DIR; };
		62F7F7872C92D6E4009C664B /* WeatherForecastTests.swift */ = {isa = PBXFileReference; lastKnownFileType = sourcecode.swift; path = WeatherForecastTests.swift; sourceTree = "<group>"; };
/* End PBXFileReference section */

/* Begin PBXFrameworksBuildPhase section */
		62338DCE2C881FEB009D2D43 /* Frameworks */ = {
			isa = PBXFrameworksBuildPhase;
			buildActionMask = 2147483647;
			files = (
				621636B72C8A0728000F255E /* YumemiWeather in Frameworks */,
			);
			runOnlyForDeploymentPostprocessing = 0;
		};
		62F7F7822C92D6E4009C664B /* Frameworks */ = {
			isa = PBXFrameworksBuildPhase;
			buildActionMask = 2147483647;
			files = (
				62F7F7902C92DC84009C664B /* ViewInspector in Frameworks */,
			);
			runOnlyForDeploymentPostprocessing = 0;
		};
/* End PBXFrameworksBuildPhase section */

/* Begin PBXGroup section */
		6218B2952C8AA21C002D4271 /* Controller */ = {
			isa = PBXGroup;
			children = (
				6218B2962C8AA3EB002D4271 /* WeatherController.swift */,
				628B94602C9A9F8A00DBD67E /* ViewDeinitLogger.swift */,
			);
			path = Controller;
			sourceTree = "<group>";
		};
		62338DC82C881FEB009D2D43 = {
			isa = PBXGroup;
			children = (
				62338DD32C881FEB009D2D43 /* WeatherForecast */,
				62F7F7862C92D6E4009C664B /* WeatherForecastTests */,
				62338DD22C881FEB009D2D43 /* Products */,
			);
			sourceTree = "<group>";
		};
		62338DD22C881FEB009D2D43 /* Products */ = {
			isa = PBXGroup;
			children = (
				62338DD12C881FEB009D2D43 /* WeatherForecast.app */,
				62F7F7852C92D6E4009C664B /* WeatherForecastTests.xctest */,
			);
			name = Products;
			sourceTree = "<group>";
		};
		62338DD32C881FEB009D2D43 /* WeatherForecast */ = {
			isa = PBXGroup;
			children = (
				62338DD42C881FEB009D2D43 /* WeatherForecastApp.swift */,
				6218B2952C8AA21C002D4271 /* Controller */,
				629337782C8848FA0054ACFB /* Services */,
				629337772C8848D20054ACFB /* Models */,
				62338DE42C8832EA009D2D43 /* Views */,
				62338DD82C881FEC009D2D43 /* Assets.xcassets */,
				62338DDA2C881FEC009D2D43 /* Preview Content */,
			);
			path = WeatherForecast;
			sourceTree = "<group>";
		};
		62338DDA2C881FEC009D2D43 /* Preview Content */ = {
			isa = PBXGroup;
			children = (
				62338DDB2C881FEC009D2D43 /* Preview Assets.xcassets */,
			);
			path = "Preview Content";
			sourceTree = "<group>";
		};
		62338DE42C8832EA009D2D43 /* Views */ = {
			isa = PBXGroup;
			children = (
				629337732C8833760054ACFB /* ForecastView.swift */,
				62C9B1802C9406F600BA86BE /* ClosedView.swift */,
			);
			path = Views;
			sourceTree = "<group>";
		};
		629337772C8848D20054ACFB /* Models */ = {
			isa = PBXGroup;
			children = (
				621636B02C89A4D8000F255E /* WeatherCondition.swift */,
				6218B29E2C8AECF7002D4271 /* WeatherResponse.swift */,
				6218B2A02C8AED14002D4271 /* WeatherRequest.swift */,
				6218B2A42C9023B6002D4271 /* YumemiWeatherAPIError.swift */,
			);
			path = Models;
			sourceTree = "<group>";
		};
		629337782C8848FA0054ACFB /* Services */ = {
			isa = PBXGroup;
			children = (
				6293377D2C884C260054ACFB /* YumemiWeatherAPIService.swift */,
			);
			path = Services;
			sourceTree = "<group>";
		};
		62F7F7862C92D6E4009C664B /* WeatherForecastTests */ = {
			isa = PBXGroup;
			children = (
				62F7F7872C92D6E4009C664B /* WeatherForecastTests.swift */,
			);
			path = WeatherForecastTests;
			sourceTree = "<group>";
		};
/* End PBXGroup section */

/* Begin PBXNativeTarget section */
		62338DD02C881FEB009D2D43 /* WeatherForecast */ = {
			isa = PBXNativeTarget;
			buildConfigurationList = 62338DDF2C881FEC009D2D43 /* Build configuration list for PBXNativeTarget "WeatherForecast" */;
			buildPhases = (
				62338DCD2C881FEB009D2D43 /* Sources */,
				62338DCE2C881FEB009D2D43 /* Frameworks */,
				62338DCF2C881FEB009D2D43 /* Resources */,
			);
			buildRules = (
			);
			dependencies = (
			);
			name = WeatherForecast;
			packageProductDependencies = (
				621636B62C8A0728000F255E /* YumemiWeather */,
			);
			productName = WeatherForecast;
			productReference = 62338DD12C881FEB009D2D43 /* WeatherForecast.app */;
			productType = "com.apple.product-type.application";
		};
		62F7F7842C92D6E4009C664B /* WeatherForecastTests */ = {
			isa = PBXNativeTarget;
			buildConfigurationList = 62F7F78D2C92D6E4009C664B /* Build configuration list for PBXNativeTarget "WeatherForecastTests" */;
			buildPhases = (
				62F7F7812C92D6E4009C664B /* Sources */,
				62F7F7822C92D6E4009C664B /* Frameworks */,
				62F7F7832C92D6E4009C664B /* Resources */,
			);
			buildRules = (
			);
			dependencies = (
				62F7F78A2C92D6E4009C664B /* PBXTargetDependency */,
			);
			name = WeatherForecastTests;
			packageProductDependencies = (
				62F7F78F2C92DC84009C664B /* ViewInspector */,
			);
			productName = WeatherForecastTests;
			productReference = 62F7F7852C92D6E4009C664B /* WeatherForecastTests.xctest */;
			productType = "com.apple.product-type.bundle.unit-test";
		};
/* End PBXNativeTarget section */

/* Begin PBXProject section */
		62338DC92C881FEB009D2D43 /* Project object */ = {
			isa = PBXProject;
			attributes = {
				BuildIndependentTargetsInParallel = 1;
				LastSwiftUpdateCheck = 1540;
				LastUpgradeCheck = 1540;
				TargetAttributes = {
					62338DD02C881FEB009D2D43 = {
						CreatedOnToolsVersion = 15.4;
					};
					62F7F7842C92D6E4009C664B = {
						CreatedOnToolsVersion = 15.4;
						TestTargetID = 62338DD02C881FEB009D2D43;
					};
				};
			};
			buildConfigurationList = 62338DCC2C881FEB009D2D43 /* Build configuration list for PBXProject "WeatherForecast" */;
			compatibilityVersion = "Xcode 14.0";
			developmentRegion = en;
			hasScannedForEncodings = 0;
			knownRegions = (
				en,
				Base,
			);
			mainGroup = 62338DC82C881FEB009D2D43;
			packageReferences = (
				621636A92C897450000F255E /* XCRemoteSwiftPackageReference "ios-training" */,
				62F7F78E2C92DC84009C664B /* XCLocalSwiftPackageReference "../../Library/ViewInspector" */,
			);
			productRefGroup = 62338DD22C881FEB009D2D43 /* Products */;
			projectDirPath = "";
			projectRoot = "";
			targets = (
				62338DD02C881FEB009D2D43 /* WeatherForecast */,
				62F7F7842C92D6E4009C664B /* WeatherForecastTests */,
			);
		};
/* End PBXProject section */

/* Begin PBXResourcesBuildPhase section */
		62338DCF2C881FEB009D2D43 /* Resources */ = {
			isa = PBXResourcesBuildPhase;
			buildActionMask = 2147483647;
			files = (
				62338DDC2C881FEC009D2D43 /* Preview Assets.xcassets in Resources */,
				62338DD92C881FEC009D2D43 /* Assets.xcassets in Resources */,
			);
			runOnlyForDeploymentPostprocessing = 0;
		};
		62F7F7832C92D6E4009C664B /* Resources */ = {
			isa = PBXResourcesBuildPhase;
			buildActionMask = 2147483647;
			files = (
			);
			runOnlyForDeploymentPostprocessing = 0;
		};
/* End PBXResourcesBuildPhase section */

/* Begin PBXSourcesBuildPhase section */
		62338DCD2C881FEB009D2D43 /* Sources */ = {
			isa = PBXSourcesBuildPhase;
			buildActionMask = 2147483647;
			files = (
				6218B2A52C9023B6002D4271 /* YumemiWeatherAPIError.swift in Sources */,
				6218B2972C8AA3EB002D4271 /* WeatherController.swift in Sources */,
				6218B29F2C8AECF7002D4271 /* WeatherResponse.swift in Sources */,
				6293377E2C884C260054ACFB /* YumemiWeatherAPIService.swift in Sources */,
				629337742C8833760054ACFB /* ForecastView.swift in Sources */,
				62338DD52C881FEB009D2D43 /* WeatherForecastApp.swift in Sources */,
				6218B2A12C8AED14002D4271 /* WeatherRequest.swift in Sources */,
				628B94612C9A9F8A00DBD67E /* ViewDeinitLogger.swift in Sources */,
				621636B12C89A4D8000F255E /* WeatherCondition.swift in Sources */,
				62C9B1812C9406F600BA86BE /* ClosedView.swift in Sources */,
			);
			runOnlyForDeploymentPostprocessing = 0;
		};
		62F7F7812C92D6E4009C664B /* Sources */ = {
			isa = PBXSourcesBuildPhase;
			buildActionMask = 2147483647;
			files = (
				62F7F7882C92D6E4009C664B /* WeatherForecastTests.swift in Sources */,
			);
			runOnlyForDeploymentPostprocessing = 0;
		};
/* End PBXSourcesBuildPhase section */

/* Begin PBXTargetDependency section */
		62F7F78A2C92D6E4009C664B /* PBXTargetDependency */ = {
			isa = PBXTargetDependency;
			target = 62338DD02C881FEB009D2D43 /* WeatherForecast */;
			targetProxy = 62F7F7892C92D6E4009C664B /* PBXContainerItemProxy */;
		};
/* End PBXTargetDependency section */

/* Begin XCBuildConfiguration section */
		62338DDD2C881FEC009D2D43 /* Debug */ = {
			isa = XCBuildConfiguration;
			buildSettings = {
				ALWAYS_SEARCH_USER_PATHS = NO;
				ASSETCATALOG_COMPILER_GENERATE_SWIFT_ASSET_SYMBOL_EXTENSIONS = YES;
				CLANG_ANALYZER_NONNULL = YES;
				CLANG_ANALYZER_NUMBER_OBJECT_CONVERSION = YES_AGGRESSIVE;
				CLANG_CXX_LANGUAGE_STANDARD = "gnu++20";
				CLANG_ENABLE_MODULES = YES;
				CLANG_ENABLE_OBJC_ARC = YES;
				CLANG_ENABLE_OBJC_WEAK = YES;
				CLANG_WARN_BLOCK_CAPTURE_AUTORELEASING = YES;
				CLANG_WARN_BOOL_CONVERSION = YES;
				CLANG_WARN_COMMA = YES;
				CLANG_WARN_CONSTANT_CONVERSION = YES;
				CLANG_WARN_DEPRECATED_OBJC_IMPLEMENTATIONS = YES;
				CLANG_WARN_DIRECT_OBJC_ISA_USAGE = YES_ERROR;
				CLANG_WARN_DOCUMENTATION_COMMENTS = YES;
				CLANG_WARN_EMPTY_BODY = YES;
				CLANG_WARN_ENUM_CONVERSION = YES;
				CLANG_WARN_INFINITE_RECURSION = YES;
				CLANG_WARN_INT_CONVERSION = YES;
				CLANG_WARN_NON_LITERAL_NULL_CONVERSION = YES;
				CLANG_WARN_OBJC_IMPLICIT_RETAIN_SELF = YES;
				CLANG_WARN_OBJC_LITERAL_CONVERSION = YES;
				CLANG_WARN_OBJC_ROOT_CLASS = YES_ERROR;
				CLANG_WARN_QUOTED_INCLUDE_IN_FRAMEWORK_HEADER = YES;
				CLANG_WARN_RANGE_LOOP_ANALYSIS = YES;
				CLANG_WARN_STRICT_PROTOTYPES = YES;
				CLANG_WARN_SUSPICIOUS_MOVE = YES;
				CLANG_WARN_UNGUARDED_AVAILABILITY = YES_AGGRESSIVE;
				CLANG_WARN_UNREACHABLE_CODE = YES;
				CLANG_WARN__DUPLICATE_METHOD_MATCH = YES;
				COPY_PHASE_STRIP = NO;
				DEBUG_INFORMATION_FORMAT = dwarf;
				ENABLE_STRICT_OBJC_MSGSEND = YES;
				ENABLE_TESTABILITY = YES;
				ENABLE_USER_SCRIPT_SANDBOXING = YES;
				GCC_C_LANGUAGE_STANDARD = gnu17;
				GCC_DYNAMIC_NO_PIC = NO;
				GCC_NO_COMMON_BLOCKS = YES;
				GCC_OPTIMIZATION_LEVEL = 0;
				GCC_PREPROCESSOR_DEFINITIONS = (
					"DEBUG=1",
					"$(inherited)",
				);
				GCC_WARN_64_TO_32_BIT_CONVERSION = YES;
				GCC_WARN_ABOUT_RETURN_TYPE = YES_ERROR;
				GCC_WARN_UNDECLARED_SELECTOR = YES;
				GCC_WARN_UNINITIALIZED_AUTOS = YES_AGGRESSIVE;
				GCC_WARN_UNUSED_FUNCTION = YES;
				GCC_WARN_UNUSED_VARIABLE = YES;
				IPHONEOS_DEPLOYMENT_TARGET = 17.5;
				LOCALIZATION_PREFERS_STRING_CATALOGS = YES;
				MTL_ENABLE_DEBUG_INFO = INCLUDE_SOURCE;
				MTL_FAST_MATH = YES;
				ONLY_ACTIVE_ARCH = YES;
				SDKROOT = iphoneos;
				SWIFT_ACTIVE_COMPILATION_CONDITIONS = "DEBUG $(inherited)";
				SWIFT_OPTIMIZATION_LEVEL = "-Onone";
			};
			name = Debug;
		};
		62338DDE2C881FEC009D2D43 /* Release */ = {
			isa = XCBuildConfiguration;
			buildSettings = {
				ALWAYS_SEARCH_USER_PATHS = NO;
				ASSETCATALOG_COMPILER_GENERATE_SWIFT_ASSET_SYMBOL_EXTENSIONS = YES;
				CLANG_ANALYZER_NONNULL = YES;
				CLANG_ANALYZER_NUMBER_OBJECT_CONVERSION = YES_AGGRESSIVE;
				CLANG_CXX_LANGUAGE_STANDARD = "gnu++20";
				CLANG_ENABLE_MODULES = YES;
				CLANG_ENABLE_OBJC_ARC = YES;
				CLANG_ENABLE_OBJC_WEAK = YES;
				CLANG_WARN_BLOCK_CAPTURE_AUTORELEASING = YES;
				CLANG_WARN_BOOL_CONVERSION = YES;
				CLANG_WARN_COMMA = YES;
				CLANG_WARN_CONSTANT_CONVERSION = YES;
				CLANG_WARN_DEPRECATED_OBJC_IMPLEMENTATIONS = YES;
				CLANG_WARN_DIRECT_OBJC_ISA_USAGE = YES_ERROR;
				CLANG_WARN_DOCUMENTATION_COMMENTS = YES;
				CLANG_WARN_EMPTY_BODY = YES;
				CLANG_WARN_ENUM_CONVERSION = YES;
				CLANG_WARN_INFINITE_RECURSION = YES;
				CLANG_WARN_INT_CONVERSION = YES;
				CLANG_WARN_NON_LITERAL_NULL_CONVERSION = YES;
				CLANG_WARN_OBJC_IMPLICIT_RETAIN_SELF = YES;
				CLANG_WARN_OBJC_LITERAL_CONVERSION = YES;
				CLANG_WARN_OBJC_ROOT_CLASS = YES_ERROR;
				CLANG_WARN_QUOTED_INCLUDE_IN_FRAMEWORK_HEADER = YES;
				CLANG_WARN_RANGE_LOOP_ANALYSIS = YES;
				CLANG_WARN_STRICT_PROTOTYPES = YES;
				CLANG_WARN_SUSPICIOUS_MOVE = YES;
				CLANG_WARN_UNGUARDED_AVAILABILITY = YES_AGGRESSIVE;
				CLANG_WARN_UNREACHABLE_CODE = YES;
				CLANG_WARN__DUPLICATE_METHOD_MATCH = YES;
				COPY_PHASE_STRIP = NO;
				DEBUG_INFORMATION_FORMAT = "dwarf-with-dsym";
				ENABLE_NS_ASSERTIONS = NO;
				ENABLE_STRICT_OBJC_MSGSEND = YES;
				ENABLE_USER_SCRIPT_SANDBOXING = YES;
				GCC_C_LANGUAGE_STANDARD = gnu17;
				GCC_NO_COMMON_BLOCKS = YES;
				GCC_WARN_64_TO_32_BIT_CONVERSION = YES;
				GCC_WARN_ABOUT_RETURN_TYPE = YES_ERROR;
				GCC_WARN_UNDECLARED_SELECTOR = YES;
				GCC_WARN_UNINITIALIZED_AUTOS = YES_AGGRESSIVE;
				GCC_WARN_UNUSED_FUNCTION = YES;
				GCC_WARN_UNUSED_VARIABLE = YES;
				IPHONEOS_DEPLOYMENT_TARGET = 17.5;
				LOCALIZATION_PREFERS_STRING_CATALOGS = YES;
				MTL_ENABLE_DEBUG_INFO = NO;
				MTL_FAST_MATH = YES;
				SDKROOT = iphoneos;
				SWIFT_COMPILATION_MODE = wholemodule;
				VALIDATE_PRODUCT = YES;
			};
			name = Release;
		};
		62338DE02C881FEC009D2D43 /* Debug */ = {
			isa = XCBuildConfiguration;
			buildSettings = {
				ASSETCATALOG_COMPILER_APPICON_NAME = AppIcon;
				ASSETCATALOG_COMPILER_GLOBAL_ACCENT_COLOR_NAME = AccentColor;
				CODE_SIGN_STYLE = Automatic;
				CURRENT_PROJECT_VERSION = 1;
				DEVELOPMENT_ASSET_PATHS = "\"WeatherForecast/Preview Content\"";
				DEVELOPMENT_TEAM = F82XB5KFX2;
				ENABLE_PREVIEWS = YES;
				GENERATE_INFOPLIST_FILE = YES;
				INFOPLIST_KEY_UIApplicationSceneManifest_Generation = YES;
				INFOPLIST_KEY_UIApplicationSupportsIndirectInputEvents = YES;
				INFOPLIST_KEY_UILaunchScreen_Generation = YES;
				INFOPLIST_KEY_UISupportedInterfaceOrientations_iPad = "UIInterfaceOrientationPortrait UIInterfaceOrientationPortraitUpsideDown UIInterfaceOrientationLandscapeLeft UIInterfaceOrientationLandscapeRight";
				INFOPLIST_KEY_UISupportedInterfaceOrientations_iPhone = "UIInterfaceOrientationPortrait UIInterfaceOrientationLandscapeLeft UIInterfaceOrientationLandscapeRight";
				LD_RUNPATH_SEARCH_PATHS = (
					"$(inherited)",
					"@executable_path/Frameworks",
				);
				MARKETING_VERSION = 1.0;
				PRODUCT_BUNDLE_IDENTIFIER = ressharu.WeatherForecast;
				PRODUCT_NAME = "$(TARGET_NAME)";
				SWIFT_EMIT_LOC_STRINGS = YES;
				SWIFT_VERSION = 5.0;
				TARGETED_DEVICE_FAMILY = "1,2";
			};
			name = Debug;
		};
		62338DE12C881FEC009D2D43 /* Release */ = {
			isa = XCBuildConfiguration;
			buildSettings = {
				ASSETCATALOG_COMPILER_APPICON_NAME = AppIcon;
				ASSETCATALOG_COMPILER_GLOBAL_ACCENT_COLOR_NAME = AccentColor;
				CODE_SIGN_STYLE = Automatic;
				CURRENT_PROJECT_VERSION = 1;
				DEVELOPMENT_ASSET_PATHS = "\"WeatherForecast/Preview Content\"";
				DEVELOPMENT_TEAM = F82XB5KFX2;
				ENABLE_PREVIEWS = YES;
				GENERATE_INFOPLIST_FILE = YES;
				INFOPLIST_KEY_UIApplicationSceneManifest_Generation = YES;
				INFOPLIST_KEY_UIApplicationSupportsIndirectInputEvents = YES;
				INFOPLIST_KEY_UILaunchScreen_Generation = YES;
				INFOPLIST_KEY_UISupportedInterfaceOrientations_iPad = "UIInterfaceOrientationPortrait UIInterfaceOrientationPortraitUpsideDown UIInterfaceOrientationLandscapeLeft UIInterfaceOrientationLandscapeRight";
				INFOPLIST_KEY_UISupportedInterfaceOrientations_iPhone = "UIInterfaceOrientationPortrait UIInterfaceOrientationLandscapeLeft UIInterfaceOrientationLandscapeRight";
				LD_RUNPATH_SEARCH_PATHS = (
					"$(inherited)",
					"@executable_path/Frameworks",
				);
				MARKETING_VERSION = 1.0;
				PRODUCT_BUNDLE_IDENTIFIER = ressharu.WeatherForecast;
				PRODUCT_NAME = "$(TARGET_NAME)";
				SWIFT_EMIT_LOC_STRINGS = YES;
				SWIFT_VERSION = 5.0;
				TARGETED_DEVICE_FAMILY = "1,2";
			};
			name = Release;
		};
		62F7F78B2C92D6E4009C664B /* Debug */ = {
			isa = XCBuildConfiguration;
			buildSettings = {
				BUNDLE_LOADER = "$(TEST_HOST)";
				CODE_SIGN_STYLE = Automatic;
				CURRENT_PROJECT_VERSION = 1;
				DEVELOPMENT_TEAM = F82XB5KFX2;
				GENERATE_INFOPLIST_FILE = YES;
				MARKETING_VERSION = 1.0;
				PRODUCT_BUNDLE_IDENTIFIER = ressharu.WeatherForecastTests;
				PRODUCT_NAME = "$(TARGET_NAME)";
				SWIFT_EMIT_LOC_STRINGS = NO;
				SWIFT_VERSION = 5.0;
				TARGETED_DEVICE_FAMILY = "1,2";
				TEST_HOST = "$(BUILT_PRODUCTS_DIR)/WeatherForecast.app/$(BUNDLE_EXECUTABLE_FOLDER_PATH)/WeatherForecast";
			};
			name = Debug;
		};
		62F7F78C2C92D6E4009C664B /* Release */ = {
			isa = XCBuildConfiguration;
			buildSettings = {
				BUNDLE_LOADER = "$(TEST_HOST)";
				CODE_SIGN_STYLE = Automatic;
				CURRENT_PROJECT_VERSION = 1;
				DEVELOPMENT_TEAM = F82XB5KFX2;
				GENERATE_INFOPLIST_FILE = YES;
				MARKETING_VERSION = 1.0;
				PRODUCT_BUNDLE_IDENTIFIER = ressharu.WeatherForecastTests;
				PRODUCT_NAME = "$(TARGET_NAME)";
				SWIFT_EMIT_LOC_STRINGS = NO;
				SWIFT_VERSION = 5.0;
				TARGETED_DEVICE_FAMILY = "1,2";
				TEST_HOST = "$(BUILT_PRODUCTS_DIR)/WeatherForecast.app/$(BUNDLE_EXECUTABLE_FOLDER_PATH)/WeatherForecast";
			};
			name = Release;
		};
/* End XCBuildConfiguration section */

/* Begin XCConfigurationList section */
		62338DCC2C881FEB009D2D43 /* Build configuration list for PBXProject "WeatherForecast" */ = {
			isa = XCConfigurationList;
			buildConfigurations = (
				62338DDD2C881FEC009D2D43 /* Debug */,
				62338DDE2C881FEC009D2D43 /* Release */,
			);
			defaultConfigurationIsVisible = 0;
			defaultConfigurationName = Release;
		};
		62338DDF2C881FEC009D2D43 /* Build configuration list for PBXNativeTarget "WeatherForecast" */ = {
			isa = XCConfigurationList;
			buildConfigurations = (
				62338DE02C881FEC009D2D43 /* Debug */,
				62338DE12C881FEC009D2D43 /* Release */,
			);
			defaultConfigurationIsVisible = 0;
			defaultConfigurationName = Release;
		};
		62F7F78D2C92D6E4009C664B /* Build configuration list for PBXNativeTarget "WeatherForecastTests" */ = {
			isa = XCConfigurationList;
			buildConfigurations = (
				62F7F78B2C92D6E4009C664B /* Debug */,
				62F7F78C2C92D6E4009C664B /* Release */,
			);
			defaultConfigurationIsVisible = 0;
			defaultConfigurationName = Release;
		};
/* End XCConfigurationList section */

/* Begin XCLocalSwiftPackageReference section */
		62F7F78E2C92DC84009C664B /* XCLocalSwiftPackageReference "../../Library/ViewInspector" */ = {
			isa = XCLocalSwiftPackageReference;
			relativePath = ../../Library/ViewInspector;
		};
/* End XCLocalSwiftPackageReference section */

/* Begin XCRemoteSwiftPackageReference section */
		621636A92C897450000F255E /* XCRemoteSwiftPackageReference "ios-training" */ = {
			isa = XCRemoteSwiftPackageReference;
			repositoryURL = "https://github.com/yumemi-inc/ios-training.git";
			requirement = {
				branch = main;
				kind = branch;
			};
		};
/* End XCRemoteSwiftPackageReference section */

/* Begin XCSwiftPackageProductDependency section */
		621636B62C8A0728000F255E /* YumemiWeather */ = {
			isa = XCSwiftPackageProductDependency;
			package = 621636A92C897450000F255E /* XCRemoteSwiftPackageReference "ios-training" */;
			productName = YumemiWeather;
		};
		62F7F78F2C92DC84009C664B /* ViewInspector */ = {
			isa = XCSwiftPackageProductDependency;
			productName = ViewInspector;
		};
/* End XCSwiftPackageProductDependency section */
	};
	rootObject = 62338DC92C881FEB009D2D43 /* Project object */;
}
